// !$*UTF8*$!
{
	archiveVersion = 1;
	classes = {
	};
	objectVersion = 56;
	objects = {

/* Begin PBXBuildFile section */
		B618E7E72C709D4B001E820C /* ToDoListModel.swift in Sources */ = {isa = PBXBuildFile; fileRef = B618E7E62C709D4B001E820C /* ToDoListModel.swift */; };
		B618E7E82C70A907001E820C /* ViewController.swift in Sources */ = {isa = PBXBuildFile; fileRef = B6241C682C70995400F90C42 /* ViewController.swift */; };
		B618E7E92C70A908001E820C /* ViewController.swift in Sources */ = {isa = PBXBuildFile; fileRef = B6241C682C70995400F90C42 /* ViewController.swift */; };
		B6241C652C70995400F90C42 /* AppDelegate.swift in Sources */ = {isa = PBXBuildFile; fileRef = B6241C642C70995400F90C42 /* AppDelegate.swift */; };
		B6241C672C70995400F90C42 /* SceneDelegate.swift in Sources */ = {isa = PBXBuildFile; fileRef = B6241C662C70995400F90C42 /* SceneDelegate.swift */; };
		B6241C692C70995400F90C42 /* ViewController.swift in Sources */ = {isa = PBXBuildFile; fileRef = B6241C682C70995400F90C42 /* ViewController.swift */; };
		B6241C6C2C70995400F90C42 /* Main.storyboard in Resources */ = {isa = PBXBuildFile; fileRef = B6241C6A2C70995400F90C42 /* Main.storyboard */; };
		B6241C6E2C70995800F90C42 /* Assets.xcassets in Resources */ = {isa = PBXBuildFile; fileRef = B6241C6D2C70995800F90C42 /* Assets.xcassets */; };
		B6241C712C70995800F90C42 /* LaunchScreen.storyboard in Resources */ = {isa = PBXBuildFile; fileRef = B6241C6F2C70995800F90C42 /* LaunchScreen.storyboard */; };
		B6241C7C2C70995900F90C42 /* ToDoListDemoTests.swift in Sources */ = {isa = PBXBuildFile; fileRef = B6241C7B2C70995900F90C42 /* ToDoListDemoTests.swift */; };
		B6241C862C70995900F90C42 /* ToDoListDemoUITests.swift in Sources */ = {isa = PBXBuildFile; fileRef = B6241C852C70995900F90C42 /* ToDoListDemoUITests.swift */; };
		B6241C882C70995900F90C42 /* ToDoListDemoUITestsLaunchTests.swift in Sources */ = {isa = PBXBuildFile; fileRef = B6241C872C70995900F90C42 /* ToDoListDemoUITestsLaunchTests.swift */; };
/* End PBXBuildFile section */

/* Begin PBXContainerItemProxy section */
		B6241C782C70995900F90C42 /* PBXContainerItemProxy */ = {
			isa = PBXContainerItemProxy;
			containerPortal = B6241C592C70995400F90C42 /* Project object */;
			proxyType = 1;
			remoteGlobalIDString = B6241C602C70995400F90C42;
			remoteInfo = ToDoListDemo;
		};
		B6241C822C70995900F90C42 /* PBXContainerItemProxy */ = {
			isa = PBXContainerItemProxy;
			containerPortal = B6241C592C70995400F90C42 /* Project object */;
			proxyType = 1;
			remoteGlobalIDString = B6241C602C70995400F90C42;
			remoteInfo = ToDoListDemo;
		};
/* End PBXContainerItemProxy section */

/* Begin PBXFileReference section */
		B618E7E62C709D4B001E820C /* ToDoListModel.swift */ = {isa = PBXFileReference; lastKnownFileType = sourcecode.swift; path = ToDoListModel.swift; sourceTree = "<group>"; };
		B6241C612C70995400F90C42 /* ToDoListDemo.app */ = {isa = PBXFileReference; explicitFileType = wrapper.application; includeInIndex = 0; path = ToDoListDemo.app; sourceTree = BUILT_PRODUCTS_DIR; };
		B6241C642C70995400F90C42 /* AppDelegate.swift */ = {isa = PBXFileReference; lastKnownFileType = sourcecode.swift; path = AppDelegate.swift; sourceTree = "<group>"; };
		B6241C662C70995400F90C42 /* SceneDelegate.swift */ = {isa = PBXFileReference; lastKnownFileType = sourcecode.swift; path = SceneDelegate.swift; sourceTree = "<group>"; };
		B6241C682C70995400F90C42 /* ViewController.swift */ = {isa = PBXFileReference; lastKnownFileType = sourcecode.swift; path = ViewController.swift; sourceTree = "<group>"; };
		B6241C6B2C70995400F90C42 /* Base */ = {isa = PBXFileReference; lastKnownFileType = file.storyboard; name = Base; path = Base.lproj/Main.storyboard; sourceTree = "<group>"; };
		B6241C6D2C70995800F90C42 /* Assets.xcassets */ = {isa = PBXFileReference; lastKnownFileType = folder.assetcatalog; path = Assets.xcassets; sourceTree = "<group>"; };
		B6241C702C70995800F90C42 /* Base */ = {isa = PBXFileReference; lastKnownFileType = file.storyboard; name = Base; path = Base.lproj/LaunchScreen.storyboard; sourceTree = "<group>"; };
		B6241C722C70995800F90C42 /* Info.plist */ = {isa = PBXFileReference; lastKnownFileType = text.plist.xml; path = Info.plist; sourceTree = "<group>"; };
		B6241C772C70995900F90C42 /* ToDoListDemoTests.xctest */ = {isa = PBXFileReference; explicitFileType = wrapper.cfbundle; includeInIndex = 0; path = ToDoListDemoTests.xctest; sourceTree = BUILT_PRODUCTS_DIR; };
		B6241C7B2C70995900F90C42 /* ToDoListDemoTests.swift */ = {isa = PBXFileReference; lastKnownFileType = sourcecode.swift; path = ToDoListDemoTests.swift; sourceTree = "<group>"; };
		B6241C812C70995900F90C42 /* ToDoListDemoUITests.xctest */ = {isa = PBXFileReference; explicitFileType = wrapper.cfbundle; includeInIndex = 0; path = ToDoListDemoUITests.xctest; sourceTree = BUILT_PRODUCTS_DIR; };
		B6241C852C70995900F90C42 /* ToDoListDemoUITests.swift */ = {isa = PBXFileReference; lastKnownFileType = sourcecode.swift; path = ToDoListDemoUITests.swift; sourceTree = "<group>"; };
		B6241C872C70995900F90C42 /* ToDoListDemoUITestsLaunchTests.swift */ = {isa = PBXFileReference; lastKnownFileType = sourcecode.swift; path = ToDoListDemoUITestsLaunchTests.swift; sourceTree = "<group>"; };
/* End PBXFileReference section */

/* Begin PBXFrameworksBuildPhase section */
		B6241C5E2C70995400F90C42 /* Frameworks */ = {
			isa = PBXFrameworksBuildPhase;
			buildActionMask = 2147483647;
			files = (
			);
			runOnlyForDeploymentPostprocessing = 0;
		};
		B6241C742C70995900F90C42 /* Frameworks */ = {
			isa = PBXFrameworksBuildPhase;
			buildActionMask = 2147483647;
			files = (
			);
			runOnlyForDeploymentPostprocessing = 0;
		};
		B6241C7E2C70995900F90C42 /* Frameworks */ = {
			isa = PBXFrameworksBuildPhase;
			buildActionMask = 2147483647;
			files = (
			);
			runOnlyForDeploymentPostprocessing = 0;
		};
/* End PBXFrameworksBuildPhase section */

/* Begin PBXGroup section */
		B6241C582C70995400F90C42 = {
			isa = PBXGroup;
			children = (
				B6241C632C70995400F90C42 /* ToDoListDemo */,
				B6241C7A2C70995900F90C42 /* ToDoListDemoTests */,
				B6241C842C70995900F90C42 /* ToDoListDemoUITests */,
				B6241C622C70995400F90C42 /* Products */,
			);
			sourceTree = "<group>";
		};
		B6241C622C70995400F90C42 /* Products */ = {
			isa = PBXGroup;
			children = (
				B6241C612C70995400F90C42 /* ToDoListDemo.app */,
				B6241C772C70995900F90C42 /* ToDoListDemoTests.xctest */,
				B6241C812C70995900F90C42 /* ToDoListDemoUITests.xctest */,
			);
			name = Products;
			sourceTree = "<group>";
		};
		B6241C632C70995400F90C42 /* ToDoListDemo */ = {
			isa = PBXGroup;
			children = (
				B6241C972C7099C000F90C42 /* Controllers */,
				B6241C962C7099B500F90C42 /* Model */,
				B6241C952C70999D00F90C42 /* ModelView */,
				B6241C942C70999900F90C42 /* View */,
				B6241C642C70995400F90C42 /* AppDelegate.swift */,
				B6241C662C70995400F90C42 /* SceneDelegate.swift */,
				B6241C6A2C70995400F90C42 /* Main.storyboard */,
				B6241C6D2C70995800F90C42 /* Assets.xcassets */,
				B6241C6F2C70995800F90C42 /* LaunchScreen.storyboard */,
				B6241C722C70995800F90C42 /* Info.plist */,
			);
			path = ToDoListDemo;
			sourceTree = "<group>";
		};
		B6241C7A2C70995900F90C42 /* ToDoListDemoTests */ = {
			isa = PBXGroup;
			children = (
				B6241C7B2C70995900F90C42 /* ToDoListDemoTests.swift */,
			);
			path = ToDoListDemoTests;
			sourceTree = "<group>";
		};
		B6241C842C70995900F90C42 /* ToDoListDemoUITests */ = {
			isa = PBXGroup;
			children = (
				B6241C852C70995900F90C42 /* ToDoListDemoUITests.swift */,
				B6241C872C70995900F90C42 /* ToDoListDemoUITestsLaunchTests.swift */,
			);
			path = ToDoListDemoUITests;
			sourceTree = "<group>";
		};
		B6241C942C70999900F90C42 /* View */ = {
			isa = PBXGroup;
			children = (
			);
			path = View;
			sourceTree = "<group>";
		};
		B6241C952C70999D00F90C42 /* ModelView */ = {
			isa = PBXGroup;
			children = (
			);
			path = ModelView;
			sourceTree = "<group>";
		};
		B6241C962C7099B500F90C42 /* Model */ = {
			isa = PBXGroup;
			children = (
				B618E7E62C709D4B001E820C /* ToDoListModel.swift */,
			);
			path = Model;
			sourceTree = "<group>";
		};
		B6241C972C7099C000F90C42 /* Controllers */ = {
			isa = PBXGroup;
			children = (
				B6241C682C70995400F90C42 /* ViewController.swift */,
			);
			path = Controllers;
			sourceTree = "<group>";
		};
/* End PBXGroup section */

/* Begin PBXNativeTarget section */
		B6241C602C70995400F90C42 /* ToDoListDemo */ = {
			isa = PBXNativeTarget;
			buildConfigurationList = B6241C8B2C70995900F90C42 /* Build configuration list for PBXNativeTarget "ToDoListDemo" */;
			buildPhases = (
				B6241C5D2C70995400F90C42 /* Sources */,
				B6241C5E2C70995400F90C42 /* Frameworks */,
				B6241C5F2C70995400F90C42 /* Resources */,
			);
			buildRules = (
			);
			dependencies = (
			);
			name = ToDoListDemo;
			productName = ToDoListDemo;
			productReference = B6241C612C70995400F90C42 /* ToDoListDemo.app */;
			productType = "com.apple.product-type.application";
		};
		B6241C762C70995900F90C42 /* ToDoListDemoTests */ = {
			isa = PBXNativeTarget;
			buildConfigurationList = B6241C8E2C70995900F90C42 /* Build configuration list for PBXNativeTarget "ToDoListDemoTests" */;
			buildPhases = (
				B6241C732C70995900F90C42 /* Sources */,
				B6241C742C70995900F90C42 /* Frameworks */,
				B6241C752C70995900F90C42 /* Resources */,
			);
			buildRules = (
			);
			dependencies = (
				B6241C792C70995900F90C42 /* PBXTargetDependency */,
			);
			name = ToDoListDemoTests;
			productName = ToDoListDemoTests;
			productReference = B6241C772C70995900F90C42 /* ToDoListDemoTests.xctest */;
			productType = "com.apple.product-type.bundle.unit-test";
		};
		B6241C802C70995900F90C42 /* ToDoListDemoUITests */ = {
			isa = PBXNativeTarget;
			buildConfigurationList = B6241C912C70995900F90C42 /* Build configuration list for PBXNativeTarget "ToDoListDemoUITests" */;
			buildPhases = (
				B6241C7D2C70995900F90C42 /* Sources */,
				B6241C7E2C70995900F90C42 /* Frameworks */,
				B6241C7F2C70995900F90C42 /* Resources */,
			);
			buildRules = (
			);
			dependencies = (
				B6241C832C70995900F90C42 /* PBXTargetDependency */,
			);
			name = ToDoListDemoUITests;
			productName = ToDoListDemoUITests;
			productReference = B6241C812C70995900F90C42 /* ToDoListDemoUITests.xctest */;
			productType = "com.apple.product-type.bundle.ui-testing";
		};
/* End PBXNativeTarget section */

/* Begin PBXProject section */
		B6241C592C70995400F90C42 /* Project object */ = {
			isa = PBXProject;
			attributes = {
				BuildIndependentTargetsInParallel = 1;
				LastSwiftUpdateCheck = 1510;
				LastUpgradeCheck = 1510;
				TargetAttributes = {
					B6241C602C70995400F90C42 = {
						CreatedOnToolsVersion = 15.1;
					};
					B6241C762C70995900F90C42 = {
						CreatedOnToolsVersion = 15.1;
						TestTargetID = B6241C602C70995400F90C42;
					};
					B6241C802C70995900F90C42 = {
						CreatedOnToolsVersion = 15.1;
						TestTargetID = B6241C602C70995400F90C42;
					};
				};
			};
			buildConfigurationList = B6241C5C2C70995400F90C42 /* Build configuration list for PBXProject "ToDoListDemo" */;
			compatibilityVersion = "Xcode 14.0";
			developmentRegion = en;
			hasScannedForEncodings = 0;
			knownRegions = (
				en,
				Base,
			);
			mainGroup = B6241C582C70995400F90C42;
			productRefGroup = B6241C622C70995400F90C42 /* Products */;
			projectDirPath = "";
			projectRoot = "";
			targets = (
				B6241C602C70995400F90C42 /* ToDoListDemo */,
				B6241C762C70995900F90C42 /* ToDoListDemoTests */,
				B6241C802C70995900F90C42 /* ToDoListDemoUITests */,
			);
		};
/* End PBXProject section */

/* Begin PBXResourcesBuildPhase section */
		B6241C5F2C70995400F90C42 /* Resources */ = {
			isa = PBXResourcesBuildPhase;
			buildActionMask = 2147483647;
			files = (
				B6241C712C70995800F90C42 /* LaunchScreen.storyboard in Resources */,
				B6241C6E2C70995800F90C42 /* Assets.xcassets in Resources */,
				B6241C6C2C70995400F90C42 /* Main.storyboard in Resources */,
			);
			runOnlyForDeploymentPostprocessing = 0;
		};
		B6241C752C70995900F90C42 /* Resources */ = {
			isa = PBXResourcesBuildPhase;
			buildActionMask = 2147483647;
			files = (
			);
			runOnlyForDeploymentPostprocessing = 0;
		};
		B6241C7F2C70995900F90C42 /* Resources */ = {
			isa = PBXResourcesBuildPhase;
			buildActionMask = 2147483647;
			files = (
			);
			runOnlyForDeploymentPostprocessing = 0;
		};
/* End PBXResourcesBuildPhase section */

/* Begin PBXSourcesBuildPhase section */
		B6241C5D2C70995400F90C42 /* Sources */ = {
			isa = PBXSourcesBuildPhase;
			buildActionMask = 2147483647;
			files = (
				B6241C692C70995400F90C42 /* ViewController.swift in Sources */,
				B618E7E72C709D4B001E820C /* ToDoListModel.swift in Sources */,
				B6241C652C70995400F90C42 /* AppDelegate.swift in Sources */,
				B6241C672C70995400F90C42 /* SceneDelegate.swift in Sources */,
			);
			runOnlyForDeploymentPostprocessing = 0;
		};
		B6241C732C70995900F90C42 /* Sources */ = {
			isa = PBXSourcesBuildPhase;
			buildActionMask = 2147483647;
			files = (
				B618E7E82C70A907001E820C /* ViewController.swift in Sources */,
				B6241C7C2C70995900F90C42 /* ToDoListDemoTests.swift in Sources */,
			);
			runOnlyForDeploymentPostprocessing = 0;
		};
		B6241C7D2C70995900F90C42 /* Sources */ = {
			isa = PBXSourcesBuildPhase;
			buildActionMask = 2147483647;
			files = (
				B618E7E92C70A908001E820C /* ViewController.swift in Sources */,
				B6241C862C70995900F90C42 /* ToDoListDemoUITests.swift in Sources */,
				B6241C882C70995900F90C42 /* ToDoListDemoUITestsLaunchTests.swift in Sources */,
			);
			runOnlyForDeploymentPostprocessing = 0;
		};
/* End PBXSourcesBuildPhase section */

/* Begin PBXTargetDependency section */
		B6241C792C70995900F90C42 /* PBXTargetDependency */ = {
			isa = PBXTargetDependency;
			target = B6241C602C70995400F90C42 /* ToDoListDemo */;
			targetProxy = B6241C782C70995900F90C42 /* PBXContainerItemProxy */;
		};
		B6241C832C70995900F90C42 /* PBXTargetDependency */ = {
			isa = PBXTargetDependency;
			target = B6241C602C70995400F90C42 /* ToDoListDemo */;
			targetProxy = B6241C822C70995900F90C42 /* PBXContainerItemProxy */;
		};
/* End PBXTargetDependency section */

/* Begin PBXVariantGroup section */
		B6241C6A2C70995400F90C42 /* Main.storyboard */ = {
			isa = PBXVariantGroup;
			children = (
				B6241C6B2C70995400F90C42 /* Base */,
			);
			name = Main.storyboard;
			sourceTree = "<group>";
		};
		B6241C6F2C70995800F90C42 /* LaunchScreen.storyboard */ = {
			isa = PBXVariantGroup;
			children = (
				B6241C702C70995800F90C42 /* Base */,
			);
			name = LaunchScreen.storyboard;
			sourceTree = "<group>";
		};
/* End PBXVariantGroup section */

/* Begin XCBuildConfiguration section */
		B6241C892C70995900F90C42 /* Debug */ = {
			isa = XCBuildConfiguration;
			buildSettings = {
				ALWAYS_SEARCH_USER_PATHS = NO;
				ASSETCATALOG_COMPILER_GENERATE_SWIFT_ASSET_SYMBOL_EXTENSIONS = YES;
				CLANG_ANALYZER_NONNULL = YES;
				CLANG_ANALYZER_NUMBER_OBJECT_CONVERSION = YES_AGGRESSIVE;
				CLANG_CXX_LANGUAGE_STANDARD = "gnu++20";
				CLANG_ENABLE_MODULES = YES;
				CLANG_ENABLE_OBJC_ARC = YES;
				CLANG_ENABLE_OBJC_WEAK = YES;
				CLANG_WARN_BLOCK_CAPTURE_AUTORELEASING = YES;
				CLANG_WARN_BOOL_CONVERSION = YES;
				CLANG_WARN_COMMA = YES;
				CLANG_WARN_CONSTANT_CONVERSION = YES;
				CLANG_WARN_DEPRECATED_OBJC_IMPLEMENTATIONS = YES;
				CLANG_WARN_DIRECT_OBJC_ISA_USAGE = YES_ERROR;
				CLANG_WARN_DOCUMENTATION_COMMENTS = YES;
				CLANG_WARN_EMPTY_BODY = YES;
				CLANG_WARN_ENUM_CONVERSION = YES;
				CLANG_WARN_INFINITE_RECURSION = YES;
				CLANG_WARN_INT_CONVERSION = YES;
				CLANG_WARN_NON_LITERAL_NULL_CONVERSION = YES;
				CLANG_WARN_OBJC_IMPLICIT_RETAIN_SELF = YES;
				CLANG_WARN_OBJC_LITERAL_CONVERSION = YES;
				CLANG_WARN_OBJC_ROOT_CLASS = YES_ERROR;
				CLANG_WARN_QUOTED_INCLUDE_IN_FRAMEWORK_HEADER = YES;
				CLANG_WARN_RANGE_LOOP_ANALYSIS = YES;
				CLANG_WARN_STRICT_PROTOTYPES = YES;
				CLANG_WARN_SUSPICIOUS_MOVE = YES;
				CLANG_WARN_UNGUARDED_AVAILABILITY = YES_AGGRESSIVE;
				CLANG_WARN_UNREACHABLE_CODE = YES;
				CLANG_WARN__DUPLICATE_METHOD_MATCH = YES;
				COPY_PHASE_STRIP = NO;
				DEBUG_INFORMATION_FORMAT = dwarf;
				ENABLE_STRICT_OBJC_MSGSEND = YES;
				ENABLE_TESTABILITY = YES;
				ENABLE_USER_SCRIPT_SANDBOXING = YES;
				GCC_C_LANGUAGE_STANDARD = gnu17;
				GCC_DYNAMIC_NO_PIC = NO;
				GCC_NO_COMMON_BLOCKS = YES;
				GCC_OPTIMIZATION_LEVEL = 0;
				GCC_PREPROCESSOR_DEFINITIONS = (
					"DEBUG=1",
					"$(inherited)",
				);
				GCC_WARN_64_TO_32_BIT_CONVERSION = YES;
				GCC_WARN_ABOUT_RETURN_TYPE = YES_ERROR;
				GCC_WARN_UNDECLARED_SELECTOR = YES;
				GCC_WARN_UNINITIALIZED_AUTOS = YES_AGGRESSIVE;
				GCC_WARN_UNUSED_FUNCTION = YES;
				GCC_WARN_UNUSED_VARIABLE = YES;
				IPHONEOS_DEPLOYMENT_TARGET = 16.0;
				LOCALIZATION_PREFERS_STRING_CATALOGS = YES;
				MTL_ENABLE_DEBUG_INFO = INCLUDE_SOURCE;
				MTL_FAST_MATH = YES;
				ONLY_ACTIVE_ARCH = YES;
				SDKROOT = iphoneos;
				SWIFT_ACTIVE_COMPILATION_CONDITIONS = "DEBUG $(inherited)";
				SWIFT_OPTIMIZATION_LEVEL = "-Onone";
			};
			name = Debug;
		};
		B6241C8A2C70995900F90C42 /* Release */ = {
			isa = XCBuildConfiguration;
			buildSettings = {
				ALWAYS_SEARCH_USER_PATHS = NO;
				ASSETCATALOG_COMPILER_GENERATE_SWIFT_ASSET_SYMBOL_EXTENSIONS = YES;
				CLANG_ANALYZER_NONNULL = YES;
				CLANG_ANALYZER_NUMBER_OBJECT_CONVERSION = YES_AGGRESSIVE;
				CLANG_CXX_LANGUAGE_STANDARD = "gnu++20";
				CLANG_ENABLE_MODULES = YES;
				CLANG_ENABLE_OBJC_ARC = YES;
				CLANG_ENABLE_OBJC_WEAK = YES;
				CLANG_WARN_BLOCK_CAPTURE_AUTORELEASING = YES;
				CLANG_WARN_BOOL_CONVERSION = YES;
				CLANG_WARN_COMMA = YES;
				CLANG_WARN_CONSTANT_CONVERSION = YES;
				CLANG_WARN_DEPRECATED_OBJC_IMPLEMENTATIONS = YES;
				CLANG_WARN_DIRECT_OBJC_ISA_USAGE = YES_ERROR;
				CLANG_WARN_DOCUMENTATION_COMMENTS = YES;
				CLANG_WARN_EMPTY_BODY = YES;
				CLANG_WARN_ENUM_CONVERSION = YES;
				CLANG_WARN_INFINITE_RECURSION = YES;
				CLANG_WARN_INT_CONVERSION = YES;
				CLANG_WARN_NON_LITERAL_NULL_CONVERSION = YES;
				CLANG_WARN_OBJC_IMPLICIT_RETAIN_SELF = YES;
				CLANG_WARN_OBJC_LITERAL_CONVERSION = YES;
				CLANG_WARN_OBJC_ROOT_CLASS = YES_ERROR;
				CLANG_WARN_QUOTED_INCLUDE_IN_FRAMEWORK_HEADER = YES;
				CLANG_WARN_RANGE_LOOP_ANALYSIS = YES;
				CLANG_WARN_STRICT_PROTOTYPES = YES;
				CLANG_WARN_SUSPICIOUS_MOVE = YES;
				CLANG_WARN_UNGUARDED_AVAILABILITY = YES_AGGRESSIVE;
				CLANG_WARN_UNREACHABLE_CODE = YES;
				CLANG_WARN__DUPLICATE_METHOD_MATCH = YES;
				COPY_PHASE_STRIP = NO;
				DEBUG_INFORMATION_FORMAT = "dwarf-with-dsym";
				ENABLE_NS_ASSERTIONS = NO;
				ENABLE_STRICT_OBJC_MSGSEND = YES;
				ENABLE_USER_SCRIPT_SANDBOXING = YES;
				GCC_C_LANGUAGE_STANDARD = gnu17;
				GCC_NO_COMMON_BLOCKS = YES;
				GCC_WARN_64_TO_32_BIT_CONVERSION = YES;
				GCC_WARN_ABOUT_RETURN_TYPE = YES_ERROR;
				GCC_WARN_UNDECLARED_SELECTOR = YES;
				GCC_WARN_UNINITIALIZED_AUTOS = YES_AGGRESSIVE;
				GCC_WARN_UNUSED_FUNCTION = YES;
				GCC_WARN_UNUSED_VARIABLE = YES;
				IPHONEOS_DEPLOYMENT_TARGET = 16.0;
				LOCALIZATION_PREFERS_STRING_CATALOGS = YES;
				MTL_ENABLE_DEBUG_INFO = NO;
				MTL_FAST_MATH = YES;
				SDKROOT = iphoneos;
				SWIFT_COMPILATION_MODE = wholemodule;
				VALIDATE_PRODUCT = YES;
			};
			name = Release;
		};
		B6241C8C2C70995900F90C42 /* Debug */ = {
			isa = XCBuildConfiguration;
			buildSettings = {
				ASSETCATALOG_COMPILER_APPICON_NAME = AppIcon;
				ASSETCATALOG_COMPILER_GLOBAL_ACCENT_COLOR_NAME = AccentColor;
				CODE_SIGN_STYLE = Automatic;
				CURRENT_PROJECT_VERSION = 1;
				DEVELOPMENT_TEAM = XJF7MXU4TP;
				GENERATE_INFOPLIST_FILE = YES;
				INFOPLIST_FILE = ToDoListDemo/Info.plist;
				INFOPLIST_KEY_UIApplicationSupportsIndirectInputEvents = YES;
				INFOPLIST_KEY_UILaunchStoryboardName = LaunchScreen;
				INFOPLIST_KEY_UIMainStoryboardFile = Main;
				INFOPLIST_KEY_UISupportedInterfaceOrientations_iPad = "UIInterfaceOrientationPortrait UIInterfaceOrientationPortraitUpsideDown UIInterfaceOrientationLandscapeLeft UIInterfaceOrientationLandscapeRight";
				INFOPLIST_KEY_UISupportedInterfaceOrientations_iPhone = "UIInterfaceOrientationPortrait UIInterfaceOrientationLandscapeLeft UIInterfaceOrientationLandscapeRight";
				IPHONEOS_DEPLOYMENT_TARGET = 16.0;
				LD_RUNPATH_SEARCH_PATHS = (
					"$(inherited)",
					"@executable_path/Frameworks",
				);
				MARKETING_VERSION = 1.0;
				PRODUCT_BUNDLE_IDENTIFIER = com.augusta.ToDoListDemo;
				PRODUCT_NAME = "$(TARGET_NAME)";
				SWIFT_EMIT_LOC_STRINGS = YES;
				SWIFT_VERSION = 5.0;
				TARGETED_DEVICE_FAMILY = "1,2";
			};
			name = Debug;
		};
		B6241C8D2C70995900F90C42 /* Release */ = {
			isa = XCBuildConfiguration;
			buildSettings = {
				ASSETCATALOG_COMPILER_APPICON_NAME = AppIcon;
				ASSETCATALOG_COMPILER_GLOBAL_ACCENT_COLOR_NAME = AccentColor;
				CODE_SIGN_STYLE = Automatic;
				CURRENT_PROJECT_VERSION = 1;
				DEVELOPMENT_TEAM = XJF7MXU4TP;
				GENERATE_INFOPLIST_FILE = YES;
				INFOPLIST_FILE = ToDoListDemo/Info.plist;
				INFOPLIST_KEY_UIApplicationSupportsIndirectInputEvents = YES;
				INFOPLIST_KEY_UILaunchStoryboardName = LaunchScreen;
				INFOPLIST_KEY_UIMainStoryboardFile = Main;
				INFOPLIST_KEY_UISupportedInterfaceOrientations_iPad = "UIInterfaceOrientationPortrait UIInterfaceOrientationPortraitUpsideDown UIInterfaceOrientationLandscapeLeft UIInterfaceOrientationLandscapeRight";
				INFOPLIST_KEY_UISupportedInterfaceOrientations_iPhone = "UIInterfaceOrientationPortrait UIInterfaceOrientationLandscapeLeft UIInterfaceOrientationLandscapeRight";
				IPHONEOS_DEPLOYMENT_TARGET = 16.0;
				LD_RUNPATH_SEARCH_PATHS = (
					"$(inherited)",
					"@executable_path/Frameworks",
				);
				MARKETING_VERSION = 1.0;
				PRODUCT_BUNDLE_IDENTIFIER = com.augusta.ToDoListDemo;
				PRODUCT_NAME = "$(TARGET_NAME)";
				SWIFT_EMIT_LOC_STRINGS = YES;
				SWIFT_VERSION = 5.0;
				TARGETED_DEVICE_FAMILY = "1,2";
			};
			name = Release;
		};
		B6241C8F2C70995900F90C42 /* Debug */ = {
			isa = XCBuildConfiguration;
			buildSettings = {
				ALWAYS_EMBED_SWIFT_STANDARD_LIBRARIES = YES;
				BUNDLE_LOADER = "$(TEST_HOST)";
				CODE_SIGN_STYLE = Automatic;
				CURRENT_PROJECT_VERSION = 1;
				DEVELOPMENT_TEAM = XJF7MXU4TP;
				GENERATE_INFOPLIST_FILE = YES;
				IPHONEOS_DEPLOYMENT_TARGET = 17.2;
				MARKETING_VERSION = 1.0;
				PRODUCT_BUNDLE_IDENTIFIER = com.augusta.ToDoListDemoTests;
				PRODUCT_NAME = "$(TARGET_NAME)";
				SWIFT_EMIT_LOC_STRINGS = NO;
				SWIFT_VERSION = 5.0;
				TARGETED_DEVICE_FAMILY = "1,2";
				TEST_HOST = "$(BUILT_PRODUCTS_DIR)/ToDoListDemo.app/$(BUNDLE_EXECUTABLE_FOLDER_PATH)/ToDoListDemo";
			};
			name = Debug;
		};
		B6241C902C70995900F90C42 /* Release */ = {
			isa = XCBuildConfiguration;
			buildSettings = {
				ALWAYS_EMBED_SWIFT_STANDARD_LIBRARIES = YES;
				BUNDLE_LOADER = "$(TEST_HOST)";
				CODE_SIGN_STYLE = Automatic;
				CURRENT_PROJECT_VERSION = 1;
				DEVELOPMENT_TEAM = XJF7MXU4TP;
				GENERATE_INFOPLIST_FILE = YES;
				IPHONEOS_DEPLOYMENT_TARGET = 17.2;
				MARKETING_VERSION = 1.0;
				PRODUCT_BUNDLE_IDENTIFIER = com.augusta.ToDoListDemoTests;
				PRODUCT_NAME = "$(TARGET_NAME)";
				SWIFT_EMIT_LOC_STRINGS = NO;
				SWIFT_VERSION = 5.0;
				TARGETED_DEVICE_FAMILY = "1,2";
				TEST_HOST = "$(BUILT_PRODUCTS_DIR)/ToDoListDemo.app/$(BUNDLE_EXECUTABLE_FOLDER_PATH)/ToDoListDemo";
			};
			name = Release;
		};
		B6241C922C70995900F90C42 /* Debug */ = {
			isa = XCBuildConfiguration;
			buildSettings = {
				ALWAYS_EMBED_SWIFT_STANDARD_LIBRARIES = YES;
				CODE_SIGN_STYLE = Automatic;
				CURRENT_PROJECT_VERSION = 1;
				DEVELOPMENT_TEAM = XJF7MXU4TP;
				GENERATE_INFOPLIST_FILE = YES;
				MARKETING_VERSION = 1.0;
				PRODUCT_BUNDLE_IDENTIFIER = com.augusta.ToDoListDemoUITests;
				PRODUCT_NAME = "$(TARGET_NAME)";
				SWIFT_EMIT_LOC_STRINGS = NO;
				SWIFT_VERSION = 5.0;
				TARGETED_DEVICE_FAMILY = "1,2";
				TEST_TARGET_NAME = ToDoListDemo;
			};
			name = Debug;
		};
		B6241C932C70995900F90C42 /* Release */ = {
			isa = XCBuildConfiguration;
			buildSettings = {
				ALWAYS_EMBED_SWIFT_STANDARD_LIBRARIES = YES;
				CODE_SIGN_STYLE = Automatic;
				CURRENT_PROJECT_VERSION = 1;
				DEVELOPMENT_TEAM = XJF7MXU4TP;
				GENERATE_INFOPLIST_FILE = YES;
				MARKETING_VERSION = 1.0;
				PRODUCT_BUNDLE_IDENTIFIER = com.augusta.ToDoListDemoUITests;
				PRODUCT_NAME = "$(TARGET_NAME)";
				SWIFT_EMIT_LOC_STRINGS = NO;
				SWIFT_VERSION = 5.0;
				TARGETED_DEVICE_FAMILY = "1,2";
				TEST_TARGET_NAME = ToDoListDemo;
			};
			name = Release;
		};
/* End XCBuildConfiguration section */

/* Begin XCConfigurationList section */
		B6241C5C2C70995400F90C42 /* Build configuration list for PBXProject "ToDoListDemo" */ = {
			isa = XCConfigurationList;
			buildConfigurations = (
				B6241C892C70995900F90C42 /* Debug */,
				B6241C8A2C70995900F90C42 /* Release */,
			);
			defaultConfigurationIsVisible = 0;
			defaultConfigurationName = Release;
		};
		B6241C8B2C70995900F90C42 /* Build configuration list for PBXNativeTarget "ToDoListDemo" */ = {
			isa = XCConfigurationList;
			buildConfigurations = (
				B6241C8C2C70995900F90C42 /* Debug */,
				B6241C8D2C70995900F90C42 /* Release */,
			);
			defaultConfigurationIsVisible = 0;
			defaultConfigurationName = Release;
		};
		B6241C8E2C70995900F90C42 /* Build configuration list for PBXNativeTarget "ToDoListDemoTests" */ = {
			isa = XCConfigurationList;
			buildConfigurations = (
				B6241C8F2C70995900F90C42 /* Debug */,
				B6241C902C70995900F90C42 /* Release */,
			);
			defaultConfigurationIsVisible = 0;
			defaultConfigurationName = Release;
		};
		B6241C912C70995900F90C42 /* Build configuration list for PBXNativeTarget "ToDoListDemoUITests" */ = {
			isa = XCConfigurationList;
			buildConfigurations = (
				B6241C922C70995900F90C42 /* Debug */,
				B6241C932C70995900F90C42 /* Release */,
			);
			defaultConfigurationIsVisible = 0;
			defaultConfigurationName = Release;
		};
/* End XCConfigurationList section */
	};
	rootObject = B6241C592C70995400F90C42 /* Project object */;
}
